// !$*UTF8*$!
{
	archiveVersion = 1;
	classes = {
	};
	objectVersion = 55;
	objects = {

/* Begin PBXBuildFile section */
		1448240027AF864A00D6A5D1 /* weburl.cpp in Sources */ = {isa = PBXBuildFile; fileRef = 144823FE27AF864A00D6A5D1 /* weburl.cpp */; };
		1448240227AFA30E00D6A5D1 /* image.cpp in Sources */ = {isa = PBXBuildFile; fileRef = 1448240127AFA30E00D6A5D1 /* image.cpp */; };
		1448240927AFBB5900D6A5D1 /* main.cpp in Sources */ = {isa = PBXBuildFile; fileRef = 1448240827AFBB5900D6A5D1 /* main.cpp */; };
		1448240E27B04BB600D6A5D1 /* item.cpp in Sources */ = {isa = PBXBuildFile; fileRef = 1448240D27B04BB600D6A5D1 /* item.cpp */; };
		1448241027B04CAB00D6A5D1 /* store.cpp in Sources */ = {isa = PBXBuildFile; fileRef = 1448240F27B04CAB00D6A5D1 /* store.cpp */; };
		1448241427B04F5300D6A5D1 /* order.cpp in Sources */ = {isa = PBXBuildFile; fileRef = 1448241327B04F5300D6A5D1 /* order.cpp */; };
/* End PBXBuildFile section */

/* Begin PBXCopyFilesBuildPhase section */
		144823F227AF85FA00D6A5D1 /* CopyFiles */ = {
			isa = PBXCopyFilesBuildPhase;
			buildActionMask = 2147483647;
			dstPath = /usr/share/man/man1/;
			dstSubfolderSpec = 0;
			files = (
			);
			runOnlyForDeploymentPostprocessing = 1;
		};
/* End PBXCopyFilesBuildPhase section */

/* Begin PBXFileReference section */
		144823F427AF85FA00D6A5D1 /* p4-class-design-part-1 */ = {isa = PBXFileReference; explicitFileType = "compiled.mach-o.executable"; includeInIndex = 0; path = "p4-class-design-part-1"; sourceTree = BUILT_PRODUCTS_DIR; };
		144823FE27AF864A00D6A5D1 /* weburl.cpp */ = {isa = PBXFileReference; lastKnownFileType = sourcecode.cpp.cpp; path = weburl.cpp; sourceTree = "<group>"; };
		144823FF27AF864A00D6A5D1 /* weburl.h */ = {isa = PBXFileReference; lastKnownFileType = sourcecode.c.h; path = weburl.h; sourceTree = "<group>"; };
		1448240127AFA30E00D6A5D1 /* image.cpp */ = {isa = PBXFileReference; lastKnownFileType = sourcecode.cpp.cpp; path = image.cpp; sourceTree = "<group>"; };
		1448240327AFA31D00D6A5D1 /* image.h */ = {isa = PBXFileReference; lastKnownFileType = sourcecode.c.h; path = image.h; sourceTree = "<group>"; };
		1448240827AFBB5900D6A5D1 /* main.cpp */ = {isa = PBXFileReference; lastKnownFileType = sourcecode.cpp.cpp; path = main.cpp; sourceTree = "<group>"; };
		1448240A27B049DA00D6A5D1 /* main.h */ = {isa = PBXFileReference; lastKnownFileType = sourcecode.c.h; path = main.h; sourceTree = "<group>"; };
		1448240C27B04BA300D6A5D1 /* item.h */ = {isa = PBXFileReference; lastKnownFileType = sourcecode.c.h; path = item.h; sourceTree = "<group>"; };
		1448240D27B04BB600D6A5D1 /* item.cpp */ = {isa = PBXFileReference; lastKnownFileType = sourcecode.cpp.cpp; path = item.cpp; sourceTree = "<group>"; };
		1448240F27B04CAB00D6A5D1 /* store.cpp */ = {isa = PBXFileReference; lastKnownFileType = sourcecode.cpp.cpp; path = store.cpp; sourceTree = "<group>"; };
		1448241127B04CB200D6A5D1 /* store.h */ = {isa = PBXFileReference; lastKnownFileType = sourcecode.c.h; path = store.h; sourceTree = "<group>"; };
		1448241227B04F4A00D6A5D1 /* order.h */ = {isa = PBXFileReference; lastKnownFileType = sourcecode.c.h; path = order.h; sourceTree = "<group>"; };
		1448241327B04F5300D6A5D1 /* order.cpp */ = {isa = PBXFileReference; lastKnownFileType = sourcecode.cpp.cpp; path = order.cpp; sourceTree = "<group>"; };
/* End PBXFileReference section */

/* Begin PBXFrameworksBuildPhase section */
		144823F127AF85FA00D6A5D1 /* Frameworks */ = {
			isa = PBXFrameworksBuildPhase;
			buildActionMask = 2147483647;
			files = (
			);
			runOnlyForDeploymentPostprocessing = 0;
		};
/* End PBXFrameworksBuildPhase section */

/* Begin PBXGroup section */
		144823EB27AF85FA00D6A5D1 = {
			isa = PBXGroup;
			children = (
				144823F627AF85FA00D6A5D1 /* p4-class-design-part-1 */,
				144823F527AF85FA00D6A5D1 /* Products */,
			);
			sourceTree = "<group>";
		};
		144823F527AF85FA00D6A5D1 /* Products */ = {
			isa = PBXGroup;
			children = (
				144823F427AF85FA00D6A5D1 /* p4-class-design-part-1 */,
			);
			name = Products;
			sourceTree = "<group>";
		};
		144823F627AF85FA00D6A5D1 /* p4-class-design-part-1 */ = {
			isa = PBXGroup;
			children = (
				14A3651227B349C500ECCC1E /* section-a */,
				14A3651327B34CDC00ECCC1E /* section-b */,
				1448240B27B04A8200D6A5D1 /* section-c */,
				1448240827AFBB5900D6A5D1 /* main.cpp */,
				1448240A27B049DA00D6A5D1 /* main.h */,
			);
			path = "p4-class-design-part-1";
			sourceTree = "<group>";
		};
		1448240B27B04A8200D6A5D1 /* section-c */ = {
			isa = PBXGroup;
			children = (
				1448240C27B04BA300D6A5D1 /* item.h */,
				1448240D27B04BB600D6A5D1 /* item.cpp */,
				1448240F27B04CAB00D6A5D1 /* store.cpp */,
				1448241127B04CB200D6A5D1 /* store.h */,
				1448241227B04F4A00D6A5D1 /* order.h */,
				1448241327B04F5300D6A5D1 /* order.cpp */,
			);
			path = "section-c";
			sourceTree = "<group>";
		};
		14A3651227B349C500ECCC1E /* section-a */ = {
			isa = PBXGroup;
			children = (
				144823FE27AF864A00D6A5D1 /* weburl.cpp */,
				144823FF27AF864A00D6A5D1 /* weburl.h */,
			);
			path = "section-a";
			sourceTree = "<group>";
		};
		14A3651327B34CDC00ECCC1E /* section-b */ = {
			isa = PBXGroup;
			children = (
				1448240127AFA30E00D6A5D1 /* image.cpp */,
				1448240327AFA31D00D6A5D1 /* image.h */,
			);
			path = "section-b";
			sourceTree = "<group>";
		};
/* End PBXGroup section */

/* Begin PBXNativeTarget section */
		144823F327AF85FA00D6A5D1 /* p4-class-design-part-1 */ = {
			isa = PBXNativeTarget;
			buildConfigurationList = 144823FB27AF85FA00D6A5D1 /* Build configuration list for PBXNativeTarget "p4-class-design-part-1" */;
			buildPhases = (
				144823F027AF85FA00D6A5D1 /* Sources */,
				144823F127AF85FA00D6A5D1 /* Frameworks */,
				144823F227AF85FA00D6A5D1 /* CopyFiles */,
			);
			buildRules = (
			);
			dependencies = (
			);
			name = "p4-class-design-part-1";
			productName = "p4-class-design-part-1";
			productReference = 144823F427AF85FA00D6A5D1 /* p4-class-design-part-1 */;
			productType = "com.apple.product-type.tool";
		};
/* End PBXNativeTarget section */

/* Begin PBXProject section */
		144823EC27AF85FA00D6A5D1 /* Project object */ = {
			isa = PBXProject;
			attributes = {
				BuildIndependentTargetsInParallel = 1;
				LastUpgradeCheck = 1320;
				TargetAttributes = {
					144823F327AF85FA00D6A5D1 = {
						CreatedOnToolsVersion = 13.2.1;
					};
				};
			};
			buildConfigurationList = 144823EF27AF85FA00D6A5D1 /* Build configuration list for PBXProject "p4-class-design-part-1" */;
			compatibilityVersion = "Xcode 13.0";
			developmentRegion = en;
			hasScannedForEncodings = 0;
			knownRegions = (
				en,
				Base,
			);
			mainGroup = 144823EB27AF85FA00D6A5D1;
			productRefGroup = 144823F527AF85FA00D6A5D1 /* Products */;
			projectDirPath = "";
			projectRoot = "";
			targets = (
				144823F327AF85FA00D6A5D1 /* p4-class-design-part-1 */,
			);
		};
/* End PBXProject section */

/* Begin PBXSourcesBuildPhase section */
		144823F027AF85FA00D6A5D1 /* Sources */ = {
			isa = PBXSourcesBuildPhase;
			buildActionMask = 2147483647;
			files = (
				1448240227AFA30E00D6A5D1 /* image.cpp in Sources */,
				1448241027B04CAB00D6A5D1 /* store.cpp in Sources */,
				1448241427B04F5300D6A5D1 /* order.cpp in Sources */,
				1448240927AFBB5900D6A5D1 /* main.cpp in Sources */,
				1448240E27B04BB600D6A5D1 /* item.cpp in Sources */,
				1448240027AF864A00D6A5D1 /* weburl.cpp in Sources */,
			);
			runOnlyForDeploymentPostprocessing = 0;
		};
/* End PBXSourcesBuildPhase section */

/* Begin XCBuildConfiguration section */
		144823F927AF85FA00D6A5D1 /* Debug */ = {
			isa = XCBuildConfiguration;
			buildSettings = {
				ALWAYS_SEARCH_USER_PATHS = NO;
				CLANG_ANALYZER_NONNULL = YES;
				CLANG_ANALYZER_NUMBER_OBJECT_CONVERSION = YES_AGGRESSIVE;
				CLANG_CXX_LANGUAGE_STANDARD = "gnu++17";
				CLANG_CXX_LIBRARY = "libc++";
				CLANG_ENABLE_MODULES = YES;
				CLANG_ENABLE_OBJC_ARC = YES;
				CLANG_ENABLE_OBJC_WEAK = YES;
				CLANG_WARN_BLOCK_CAPTURE_AUTORELEASING = YES;
				CLANG_WARN_BOOL_CONVERSION = YES;
				CLANG_WARN_COMMA = YES;
				CLANG_WARN_CONSTANT_CONVERSION = YES;
				CLANG_WARN_DEPRECATED_OBJC_IMPLEMENTATIONS = YES;
				CLANG_WARN_DIRECT_OBJC_ISA_USAGE = YES_ERROR;
				CLANG_WARN_DOCUMENTATION_COMMENTS = YES;
				CLANG_WARN_EMPTY_BODY = YES;
				CLANG_WARN_ENUM_CONVERSION = YES;
				CLANG_WARN_INFINITE_RECURSION = YES;
				CLANG_WARN_INT_CONVERSION = YES;
				CLANG_WARN_NON_LITERAL_NULL_CONVERSION = YES;
				CLANG_WARN_OBJC_IMPLICIT_RETAIN_SELF = YES;
				CLANG_WARN_OBJC_LITERAL_CONVERSION = YES;
				CLANG_WARN_OBJC_ROOT_CLASS = YES_ERROR;
				CLANG_WARN_QUOTED_INCLUDE_IN_FRAMEWORK_HEADER = YES;
				CLANG_WARN_RANGE_LOOP_ANALYSIS = YES;
				CLANG_WARN_STRICT_PROTOTYPES = YES;
				CLANG_WARN_SUSPICIOUS_MOVE = YES;
				CLANG_WARN_UNGUARDED_AVAILABILITY = YES_AGGRESSIVE;
				CLANG_WARN_UNREACHABLE_CODE = YES;
				CLANG_WARN__DUPLICATE_METHOD_MATCH = YES;
				COPY_PHASE_STRIP = NO;
				DEBUG_INFORMATION_FORMAT = dwarf;
				ENABLE_STRICT_OBJC_MSGSEND = YES;
				ENABLE_TESTABILITY = YES;
				GCC_C_LANGUAGE_STANDARD = gnu11;
				GCC_DYNAMIC_NO_PIC = NO;
				GCC_NO_COMMON_BLOCKS = YES;
				GCC_OPTIMIZATION_LEVEL = 0;
				GCC_PREPROCESSOR_DEFINITIONS = (
					"DEBUG=1",
					"$(inherited)",
				);
				GCC_WARN_64_TO_32_BIT_CONVERSION = YES;
				GCC_WARN_ABOUT_RETURN_TYPE = YES_ERROR;
				GCC_WARN_UNDECLARED_SELECTOR = YES;
				GCC_WARN_UNINITIALIZED_AUTOS = YES_AGGRESSIVE;
				GCC_WARN_UNUSED_FUNCTION = YES;
				GCC_WARN_UNUSED_VARIABLE = YES;
				MACOSX_DEPLOYMENT_TARGET = 12.1;
				MTL_ENABLE_DEBUG_INFO = INCLUDE_SOURCE;
				MTL_FAST_MATH = YES;
				ONLY_ACTIVE_ARCH = YES;
				SDKROOT = macosx;
			};
			name = Debug;
		};
		144823FA27AF85FA00D6A5D1 /* Release */ = {
			isa = XCBuildConfiguration;
			buildSettings = {
				ALWAYS_SEARCH_USER_PATHS = NO;
				CLANG_ANALYZER_NONNULL = YES;
				CLANG_ANALYZER_NUMBER_OBJECT_CONVERSION = YES_AGGRESSIVE;
				CLANG_CXX_LANGUAGE_STANDARD = "gnu++17";
				CLANG_CXX_LIBRARY = "libc++";
				CLANG_ENABLE_MODULES = YES;
				CLANG_ENABLE_OBJC_ARC = YES;
				CLANG_ENABLE_OBJC_WEAK = YES;
				CLANG_WARN_BLOCK_CAPTURE_AUTORELEASING = YES;
				CLANG_WARN_BOOL_CONVERSION = YES;
				CLANG_WARN_COMMA = YES;
				CLANG_WARN_CONSTANT_CONVERSION = YES;
				CLANG_WARN_DEPRECATED_OBJC_IMPLEMENTATIONS = YES;
				CLANG_WARN_DIRECT_OBJC_ISA_USAGE = YES_ERROR;
				CLANG_WARN_DOCUMENTATION_COMMENTS = YES;
				CLANG_WARN_EMPTY_BODY = YES;
				CLANG_WARN_ENUM_CONVERSION = YES;
				CLANG_WARN_INFINITE_RECURSION = YES;
				CLANG_WARN_INT_CONVERSION = YES;
				CLANG_WARN_NON_LITERAL_NULL_CONVERSION = YES;
				CLANG_WARN_OBJC_IMPLICIT_RETAIN_SELF = YES;
				CLANG_WARN_OBJC_LITERAL_CONVERSION = YES;
				CLANG_WARN_OBJC_ROOT_CLASS = YES_ERROR;
				CLANG_WARN_QUOTED_INCLUDE_IN_FRAMEWORK_HEADER = YES;
				CLANG_WARN_RANGE_LOOP_ANALYSIS = YES;
				CLANG_WARN_STRICT_PROTOTYPES = YES;
				CLANG_WARN_SUSPICIOUS_MOVE = YES;
				CLANG_WARN_UNGUARDED_AVAILABILITY = YES_AGGRESSIVE;
				CLANG_WARN_UNREACHABLE_CODE = YES;
				CLANG_WARN__DUPLICATE_METHOD_MATCH = YES;
				COPY_PHASE_STRIP = NO;
				DEBUG_INFORMATION_FORMAT = "dwarf-with-dsym";
				ENABLE_NS_ASSERTIONS = NO;
				ENABLE_STRICT_OBJC_MSGSEND = YES;
				GCC_C_LANGUAGE_STANDARD = gnu11;
				GCC_NO_COMMON_BLOCKS = YES;
				GCC_WARN_64_TO_32_BIT_CONVERSION = YES;
				GCC_WARN_ABOUT_RETURN_TYPE = YES_ERROR;
				GCC_WARN_UNDECLARED_SELECTOR = YES;
				GCC_WARN_UNINITIALIZED_AUTOS = YES_AGGRESSIVE;
				GCC_WARN_UNUSED_FUNCTION = YES;
				GCC_WARN_UNUSED_VARIABLE = YES;
				MACOSX_DEPLOYMENT_TARGET = 12.1;
				MTL_ENABLE_DEBUG_INFO = NO;
				MTL_FAST_MATH = YES;
				SDKROOT = macosx;
			};
			name = Release;
		};
		144823FC27AF85FA00D6A5D1 /* Debug */ = {
			isa = XCBuildConfiguration;
			buildSettings = {
				CODE_SIGN_STYLE = Automatic;
				DEVELOPMENT_TEAM = J246ARY6LP;
				ENABLE_HARDENED_RUNTIME = YES;
				PRODUCT_NAME = "$(TARGET_NAME)";
			};
			name = Debug;
		};
		144823FD27AF85FA00D6A5D1 /* Release */ = {
			isa = XCBuildConfiguration;
			buildSettings = {
				CODE_SIGN_STYLE = Automatic;
				DEVELOPMENT_TEAM = J246ARY6LP;
				ENABLE_HARDENED_RUNTIME = YES;
				PRODUCT_NAME = "$(TARGET_NAME)";
			};
			name = Release;
		};
/* End XCBuildConfiguration section */

/* Begin XCConfigurationList section */
		144823EF27AF85FA00D6A5D1 /* Build configuration list for PBXProject "p4-class-design-part-1" */ = {
			isa = XCConfigurationList;
			buildConfigurations = (
				144823F927AF85FA00D6A5D1 /* Debug */,
				144823FA27AF85FA00D6A5D1 /* Release */,
			);
			defaultConfigurationIsVisible = 0;
			defaultConfigurationName = Release;
		};
		144823FB27AF85FA00D6A5D1 /* Build configuration list for PBXNativeTarget "p4-class-design-part-1" */ = {
			isa = XCConfigurationList;
			buildConfigurations = (
				144823FC27AF85FA00D6A5D1 /* Debug */,
				144823FD27AF85FA00D6A5D1 /* Release */,
			);
			defaultConfigurationIsVisible = 0;
			defaultConfigurationName = Release;
		};
/* End XCConfigurationList section */
	};
	rootObject = 144823EC27AF85FA00D6A5D1 /* Project object */;
}
